
Microsoft Visual Studio Solution File, Format Version 12.00
# Visual Studio Version 16
VisualStudioVersion = 16.0.32228.343
MinimumVisualStudioVersion = 10.0.40219.1
Project("{9A19103F-16F7-4668-BE54-9A1E7A4F7556}") = "Grab", "Grab.csproj", "{6446EB3E-8A8B-4226-ADEB-48EB37FE08EC}"
EndProject
Global
	GlobalSection(SolutionConfigurationPlatforms) = preSolution
		Debug|Any CPU = Debug|Any CPU
		Release|Any CPU = Release|Any CPU
	EndGlobalSection
	GlobalSection(ProjectConfigurationPlatforms) = postSolution
		{6446EB3E-8A8B-4226-ADEB-48EB37FE08EC}.Debug|Any CPU.ActiveCfg = Debug|Any CPU
		{6446EB3E-8A8B-4226-ADEB-48EB37FE08EC}.Debug|Any CPU.Build.0 = Debug|Any CPU
		{6446EB3E-8A8B-4226-ADEB-48EB37FE08EC}.Release|Any CPU.ActiveCfg = Release|Any CPU
		{6446EB3E-8A8B-4226-ADEB-48EB37FE08EC}.Release|Any CPU.Build.0 = Release|Any CPU
	EndGlobalSection
	GlobalSection(SolutionProperties) = preSolution
		HideSolutionNode = FALSE
	EndGlobalSection
	GlobalSection(ExtensibilityGlobals) = postSolution
		SolutionGuid = {42A5A7C5-9A53-47F0-8708-00835ACF7FBD}
	EndGlobalSection
EndGlobal
